// !$*UTF8*$!
{
	archiveVersion = 1;
	classes = {
	};
	objectVersion = 46;
	objects = {

/* Begin PBXBuildFile section */
		AA80E7514E3490E03CF50033 /* Pods_FEFU_informer.framework in Frameworks */ = {isa = PBXBuildFile; fileRef = A036F45022683FEFE452AF12 /* Pods_FEFU_informer.framework */; };
		C90111EB1BE1FEBB00DFB761 /* OfficialEventsViewController.swift in Sources */ = {isa = PBXBuildFile; fileRef = C90111EA1BE1FEBB00DFB761 /* OfficialEventsViewController.swift */; };
		C90111ED1BE2008600DFB761 /* OfficialEventsViewCell.swift in Sources */ = {isa = PBXBuildFile; fileRef = C90111EC1BE2008600DFB761 /* OfficialEventsViewCell.swift */; };
		C90CDF071BE776FE00807E5F /* UnofficialEventsViewController.swift in Sources */ = {isa = PBXBuildFile; fileRef = C90CDF061BE776FE00807E5F /* UnofficialEventsViewController.swift */; };
		C950F7911BE49FE200CB7926 /* DetailsViewController.swift in Sources */ = {isa = PBXBuildFile; fileRef = C950F7901BE49FE200CB7926 /* DetailsViewController.swift */; };
		C9B9A44C1BDDF4AA0066A9A0 /* AppDelegate.swift in Sources */ = {isa = PBXBuildFile; fileRef = C9B9A44B1BDDF4AA0066A9A0 /* AppDelegate.swift */; };
		C9B9A44E1BDDF4AA0066A9A0 /* ViewController.swift in Sources */ = {isa = PBXBuildFile; fileRef = C9B9A44D1BDDF4AA0066A9A0 /* ViewController.swift */; };
		C9B9A4511BDDF4AA0066A9A0 /* Main.storyboard in Resources */ = {isa = PBXBuildFile; fileRef = C9B9A44F1BDDF4AA0066A9A0 /* Main.storyboard */; };
		C9B9A4531BDDF4AA0066A9A0 /* Assets.xcassets in Resources */ = {isa = PBXBuildFile; fileRef = C9B9A4521BDDF4AA0066A9A0 /* Assets.xcassets */; };
		C9B9A4561BDDF4AA0066A9A0 /* LaunchScreen.storyboard in Resources */ = {isa = PBXBuildFile; fileRef = C9B9A4541BDDF4AA0066A9A0 /* LaunchScreen.storyboard */; };
		C9E5F4041BEA3D1300F9DD63 /* RegistrationViewController.swift in Sources */ = {isa = PBXBuildFile; fileRef = C9E5F4031BEA3D1300F9DD63 /* RegistrationViewController.swift */; };
		C9E5F4061BEA4D7B00F9DD63 /* RegistrationConfirmViewController.swift in Sources */ = {isa = PBXBuildFile; fileRef = C9E5F4051BEA4D7B00F9DD63 /* RegistrationConfirmViewController.swift */; };
/* End PBXBuildFile section */

/* Begin PBXFileReference section */
		0C42040C443F93F9BFD1AC03 /* Pods-FEFU informer.release.xcconfig */ = {isa = PBXFileReference; includeInIndex = 1; lastKnownFileType = text.xcconfig; name = "Pods-FEFU informer.release.xcconfig"; path = "Pods/Target Support Files/Pods-FEFU informer/Pods-FEFU informer.release.xcconfig"; sourceTree = "<group>"; };
		98F924225FE93039297B2158 /* Pods-FEFU informer.debug.xcconfig */ = {isa = PBXFileReference; includeInIndex = 1; lastKnownFileType = text.xcconfig; name = "Pods-FEFU informer.debug.xcconfig"; path = "Pods/Target Support Files/Pods-FEFU informer/Pods-FEFU informer.debug.xcconfig"; sourceTree = "<group>"; };
		A036F45022683FEFE452AF12 /* Pods_FEFU_informer.framework */ = {isa = PBXFileReference; explicitFileType = wrapper.framework; includeInIndex = 0; path = Pods_FEFU_informer.framework; sourceTree = BUILT_PRODUCTS_DIR; };
		C90111EA1BE1FEBB00DFB761 /* OfficialEventsViewController.swift */ = {isa = PBXFileReference; fileEncoding = 4; lastKnownFileType = sourcecode.swift; path = OfficialEventsViewController.swift; sourceTree = "<group>"; };
		C90111EC1BE2008600DFB761 /* OfficialEventsViewCell.swift */ = {isa = PBXFileReference; fileEncoding = 4; lastKnownFileType = sourcecode.swift; path = OfficialEventsViewCell.swift; sourceTree = "<group>"; };
		C90CDF061BE776FE00807E5F /* UnofficialEventsViewController.swift */ = {isa = PBXFileReference; fileEncoding = 4; lastKnownFileType = sourcecode.swift; path = UnofficialEventsViewController.swift; sourceTree = "<group>"; };
		C950F7901BE49FE200CB7926 /* DetailsViewController.swift */ = {isa = PBXFileReference; fileEncoding = 4; lastKnownFileType = sourcecode.swift; path = DetailsViewController.swift; sourceTree = "<group>"; };
		C9B9A4481BDDF4AA0066A9A0 /* FEFU informer.app */ = {isa = PBXFileReference; explicitFileType = wrapper.application; includeInIndex = 0; path = "FEFU informer.app"; sourceTree = BUILT_PRODUCTS_DIR; };
		C9B9A44B1BDDF4AA0066A9A0 /* AppDelegate.swift */ = {isa = PBXFileReference; lastKnownFileType = sourcecode.swift; path = AppDelegate.swift; sourceTree = "<group>"; };
		C9B9A44D1BDDF4AA0066A9A0 /* ViewController.swift */ = {isa = PBXFileReference; lastKnownFileType = sourcecode.swift; path = ViewController.swift; sourceTree = "<group>"; };
		C9B9A4501BDDF4AA0066A9A0 /* Base */ = {isa = PBXFileReference; lastKnownFileType = file.storyboard; name = Base; path = Base.lproj/Main.storyboard; sourceTree = "<group>"; };
		C9B9A4521BDDF4AA0066A9A0 /* Assets.xcassets */ = {isa = PBXFileReference; lastKnownFileType = folder.assetcatalog; path = Assets.xcassets; sourceTree = "<group>"; };
		C9B9A4551BDDF4AA0066A9A0 /* Base */ = {isa = PBXFileReference; lastKnownFileType = file.storyboard; name = Base; path = Base.lproj/LaunchScreen.storyboard; sourceTree = "<group>"; };
		C9B9A4571BDDF4AA0066A9A0 /* Info.plist */ = {isa = PBXFileReference; lastKnownFileType = text.plist.xml; path = Info.plist; sourceTree = "<group>"; };
		C9E5F4031BEA3D1300F9DD63 /* RegistrationViewController.swift */ = {isa = PBXFileReference; fileEncoding = 4; lastKnownFileType = sourcecode.swift; path = RegistrationViewController.swift; sourceTree = "<group>"; };
		C9E5F4051BEA4D7B00F9DD63 /* RegistrationConfirmViewController.swift */ = {isa = PBXFileReference; fileEncoding = 4; lastKnownFileType = sourcecode.swift; path = RegistrationConfirmViewController.swift; sourceTree = "<group>"; };
/* End PBXFileReference section */

/* Begin PBXFrameworksBuildPhase section */
		C9B9A4451BDDF4AA0066A9A0 /* Frameworks */ = {
			isa = PBXFrameworksBuildPhase;
			buildActionMask = 2147483647;
			files = (
				AA80E7514E3490E03CF50033 /* Pods_FEFU_informer.framework in Frameworks */,
			);
			runOnlyForDeploymentPostprocessing = 0;
		};
/* End PBXFrameworksBuildPhase section */

/* Begin PBXGroup section */
		33725DDC141D589EED34E93E /* Frameworks */ = {
			isa = PBXGroup;
			children = (
				A036F45022683FEFE452AF12 /* Pods_FEFU_informer.framework */,
			);
			name = Frameworks;
			sourceTree = "<group>";
		};
		C9B9A43F1BDDF4AA0066A9A0 = {
			isa = PBXGroup;
			children = (
				C9B9A44A1BDDF4AA0066A9A0 /* FEFU informer */,
				C9B9A4491BDDF4AA0066A9A0 /* Products */,
				CB00955BD702A324047D736C /* Pods */,
				33725DDC141D589EED34E93E /* Frameworks */,
			);
			sourceTree = "<group>";
		};
		C9B9A4491BDDF4AA0066A9A0 /* Products */ = {
			isa = PBXGroup;
			children = (
				C9B9A4481BDDF4AA0066A9A0 /* FEFU informer.app */,
			);
			name = Products;
			sourceTree = "<group>";
		};
		C9B9A44A1BDDF4AA0066A9A0 /* FEFU informer */ = {
			isa = PBXGroup;
			children = (
				C9B9A44B1BDDF4AA0066A9A0 /* AppDelegate.swift */,
				C9B9A44D1BDDF4AA0066A9A0 /* ViewController.swift */,
				C9B9A44F1BDDF4AA0066A9A0 /* Main.storyboard */,
				C90111EA1BE1FEBB00DFB761 /* OfficialEventsViewController.swift */,
				C90111EC1BE2008600DFB761 /* OfficialEventsViewCell.swift */,
				C950F7901BE49FE200CB7926 /* DetailsViewController.swift */,
				C9B9A4521BDDF4AA0066A9A0 /* Assets.xcassets */,
				C9B9A4541BDDF4AA0066A9A0 /* LaunchScreen.storyboard */,
				C9B9A4571BDDF4AA0066A9A0 /* Info.plist */,
				C90CDF061BE776FE00807E5F /* UnofficialEventsViewController.swift */,
				C9E5F4031BEA3D1300F9DD63 /* RegistrationViewController.swift */,
				C9E5F4051BEA4D7B00F9DD63 /* RegistrationConfirmViewController.swift */,
			);
			path = "FEFU informer";
			sourceTree = "<group>";
		};
		CB00955BD702A324047D736C /* Pods */ = {
			isa = PBXGroup;
			children = (
				98F924225FE93039297B2158 /* Pods-FEFU informer.debug.xcconfig */,
				0C42040C443F93F9BFD1AC03 /* Pods-FEFU informer.release.xcconfig */,
			);
			name = Pods;
			sourceTree = "<group>";
		};
/* End PBXGroup section */

/* Begin PBXNativeTarget section */
		C9B9A4471BDDF4AA0066A9A0 /* FEFU informer */ = {
			isa = PBXNativeTarget;
			buildConfigurationList = C9B9A45A1BDDF4AA0066A9A0 /* Build configuration list for PBXNativeTarget "FEFU informer" */;
			buildPhases = (
				14D430A19DD9AD362094A76A /* Check Pods Manifest.lock */,
				C9B9A4441BDDF4AA0066A9A0 /* Sources */,
				C9B9A4451BDDF4AA0066A9A0 /* Frameworks */,
				C9B9A4461BDDF4AA0066A9A0 /* Resources */,
				4EF73EE1AF758FB3D306280B /* Embed Pods Frameworks */,
				4387B46A4545BE5A48CF6964 /* Copy Pods Resources */,
			);
			buildRules = (
			);
			dependencies = (
			);
			name = "FEFU informer";
			productName = "FEFU informer";
			productReference = C9B9A4481BDDF4AA0066A9A0 /* FEFU informer.app */;
			productType = "com.apple.product-type.application";
		};
/* End PBXNativeTarget section */

/* Begin PBXProject section */
		C9B9A4401BDDF4AA0066A9A0 /* Project object */ = {
			isa = PBXProject;
			attributes = {
				LastSwiftUpdateCheck = 0710;
				LastUpgradeCheck = 0710;
				ORGANIZATIONNAME = AwakeGD;
				TargetAttributes = {
					C9B9A4471BDDF4AA0066A9A0 = {
						CreatedOnToolsVersion = 7.1;
					};
				};
			};
			buildConfigurationList = C9B9A4431BDDF4AA0066A9A0 /* Build configuration list for PBXProject "FEFU informer" */;
			compatibilityVersion = "Xcode 3.2";
			developmentRegion = English;
			hasScannedForEncodings = 0;
			knownRegions = (
				en,
				Base,
			);
			mainGroup = C9B9A43F1BDDF4AA0066A9A0;
			productRefGroup = C9B9A4491BDDF4AA0066A9A0 /* Products */;
			projectDirPath = "";
			projectRoot = "";
			targets = (
				C9B9A4471BDDF4AA0066A9A0 /* FEFU informer */,
			);
		};
/* End PBXProject section */

/* Begin PBXResourcesBuildPhase section */
		C9B9A4461BDDF4AA0066A9A0 /* Resources */ = {
			isa = PBXResourcesBuildPhase;
			buildActionMask = 2147483647;
			files = (
				C9B9A4561BDDF4AA0066A9A0 /* LaunchScreen.storyboard in Resources */,
				C9B9A4531BDDF4AA0066A9A0 /* Assets.xcassets in Resources */,
				C9B9A4511BDDF4AA0066A9A0 /* Main.storyboard in Resources */,
			);
			runOnlyForDeploymentPostprocessing = 0;
		};
/* End PBXResourcesBuildPhase section */

/* Begin PBXShellScriptBuildPhase section */
		14D430A19DD9AD362094A76A /* Check Pods Manifest.lock */ = {
			isa = PBXShellScriptBuildPhase;
			buildActionMask = 2147483647;
			files = (
			);
			inputPaths = (
			);
			name = "Check Pods Manifest.lock";
			outputPaths = (
			);
			runOnlyForDeploymentPostprocessing = 0;
			shellPath = /bin/sh;
			shellScript = "diff \"${PODS_ROOT}/../Podfile.lock\" \"${PODS_ROOT}/Manifest.lock\" > /dev/null\nif [[ $? != 0 ]] ; then\n    cat << EOM\nerror: The sandbox is not in sync with the Podfile.lock. Run 'pod install' or update your CocoaPods installation.\nEOM\n    exit 1\nfi\n";
			showEnvVarsInLog = 0;
		};
		4387B46A4545BE5A48CF6964 /* Copy Pods Resources */ = {
			isa = PBXShellScriptBuildPhase;
			buildActionMask = 2147483647;
			files = (
			);
			inputPaths = (
			);
			name = "Copy Pods Resources";
			outputPaths = (
			);
			runOnlyForDeploymentPostprocessing = 0;
			shellPath = /bin/sh;
			shellScript = "\"${SRCROOT}/Pods/Target Support Files/Pods-FEFU informer/Pods-FEFU informer-resources.sh\"\n";
			showEnvVarsInLog = 0;
		};
		4EF73EE1AF758FB3D306280B /* Embed Pods Frameworks */ = {
			isa = PBXShellScriptBuildPhase;
			buildActionMask = 2147483647;
			files = (
			);
			inputPaths = (
			);
			name = "Embed Pods Frameworks";
			outputPaths = (
			);
			runOnlyForDeploymentPostprocessing = 0;
			shellPath = /bin/sh;
			shellScript = "\"${SRCROOT}/Pods/Target Support Files/Pods-FEFU informer/Pods-FEFU informer-frameworks.sh\"\n";
			showEnvVarsInLog = 0;
		};
/* End PBXShellScriptBuildPhase section */

/* Begin PBXSourcesBuildPhase section */
		C9B9A4441BDDF4AA0066A9A0 /* Sources */ = {
			isa = PBXSourcesBuildPhase;
			buildActionMask = 2147483647;
			files = (
				C90111ED1BE2008600DFB761 /* OfficialEventsViewCell.swift in Sources */,
				C9B9A44E1BDDF4AA0066A9A0 /* ViewController.swift in Sources */,
				C90111EB1BE1FEBB00DFB761 /* OfficialEventsViewController.swift in Sources */,
				C90CDF071BE776FE00807E5F /* UnofficialEventsViewController.swift in Sources */,
				C9E5F4061BEA4D7B00F9DD63 /* RegistrationConfirmViewController.swift in Sources */,
				C9E5F4041BEA3D1300F9DD63 /* RegistrationViewController.swift in Sources */,
				C9B9A44C1BDDF4AA0066A9A0 /* AppDelegate.swift in Sources */,
				C950F7911BE49FE200CB7926 /* DetailsViewController.swift in Sources */,
			);
			runOnlyForDeploymentPostprocessing = 0;
		};
/* End PBXSourcesBuildPhase section */

/* Begin PBXVariantGroup section */
		C9B9A44F1BDDF4AA0066A9A0 /* Main.storyboard */ = {
			isa = PBXVariantGroup;
			children = (
				C9B9A4501BDDF4AA0066A9A0 /* Base */,
			);
			name = Main.storyboard;
			sourceTree = "<group>";
		};
		C9B9A4541BDDF4AA0066A9A0 /* LaunchScreen.storyboard */ = {
			isa = PBXVariantGroup;
			children = (
				C9B9A4551BDDF4AA0066A9A0 /* Base */,
			);
			name = LaunchScreen.storyboard;
			sourceTree = "<group>";
		};
/* End PBXVariantGroup section */

/* Begin XCBuildConfiguration section */
		C9B9A4581BDDF4AA0066A9A0 /* Debug */ = {
			isa = XCBuildConfiguration;
			buildSettings = {
				ALWAYS_SEARCH_USER_PATHS = NO;
				CLANG_CXX_LANGUAGE_STANDARD = "gnu++0x";
				CLANG_CXX_LIBRARY = "libc++";
				CLANG_ENABLE_MODULES = YES;
				CLANG_ENABLE_OBJC_ARC = YES;
				CLANG_WARN_BOOL_CONVERSION = YES;
				CLANG_WARN_CONSTANT_CONVERSION = YES;
				CLANG_WARN_DIRECT_OBJC_ISA_USAGE = YES_ERROR;
				CLANG_WARN_EMPTY_BODY = YES;
				CLANG_WARN_ENUM_CONVERSION = YES;
				CLANG_WARN_INT_CONVERSION = YES;
				CLANG_WARN_OBJC_ROOT_CLASS = YES_ERROR;
				CLANG_WARN_UNREACHABLE_CODE = YES;
				CLANG_WARN__DUPLICATE_METHOD_MATCH = YES;
				"CODE_SIGN_IDENTITY[sdk=iphoneos*]" = "iPhone Developer";
				COPY_PHASE_STRIP = NO;
				DEBUG_INFORMATION_FORMAT = dwarf;
				ENABLE_STRICT_OBJC_MSGSEND = YES;
				ENABLE_TESTABILITY = YES;
				GCC_C_LANGUAGE_STANDARD = gnu99;
				GCC_DYNAMIC_NO_PIC = NO;
				GCC_NO_COMMON_BLOCKS = YES;
				GCC_OPTIMIZATION_LEVEL = 0;
				GCC_PREPROCESSOR_DEFINITIONS = (
					"DEBUG=1",
					"$(inherited)",
				);
				GCC_WARN_64_TO_32_BIT_CONVERSION = YES;
				GCC_WARN_ABOUT_RETURN_TYPE = YES_ERROR;
				GCC_WARN_UNDECLARED_SELECTOR = YES;
				GCC_WARN_UNINITIALIZED_AUTOS = YES_AGGRESSIVE;
				GCC_WARN_UNUSED_FUNCTION = YES;
				GCC_WARN_UNUSED_VARIABLE = YES;
				IPHONEOS_DEPLOYMENT_TARGET = 9.1;
				MTL_ENABLE_DEBUG_INFO = YES;
				ONLY_ACTIVE_ARCH = YES;
				SDKROOT = iphoneos;
				SWIFT_OPTIMIZATION_LEVEL = "-Onone";
				TARGETED_DEVICE_FAMILY = "1,2";
			};
			name = Debug;
		};
		C9B9A4591BDDF4AA0066A9A0 /* Release */ = {
			isa = XCBuildConfiguration;
			buildSettings = {
				ALWAYS_SEARCH_USER_PATHS = NO;
				CLANG_CXX_LANGUAGE_STANDARD = "gnu++0x";
				CLANG_CXX_LIBRARY = "libc++";
				CLANG_ENABLE_MODULES = YES;
				CLANG_ENABLE_OBJC_ARC = YES;
				CLANG_WARN_BOOL_CONVERSION = YES;
				CLANG_WARN_CONSTANT_CONVERSION = YES;
				CLANG_WARN_DIRECT_OBJC_ISA_USAGE = YES_ERROR;
				CLANG_WARN_EMPTY_BODY = YES;
				CLANG_WARN_ENUM_CONVERSION = YES;
				CLANG_WARN_INT_CONVERSION = YES;
				CLANG_WARN_OBJC_ROOT_CLASS = YES_ERROR;
				CLANG_WARN_UNREACHABLE_CODE = YES;
				CLANG_WARN__DUPLICATE_METHOD_MATCH = YES;
				"CODE_SIGN_IDENTITY[sdk=iphoneos*]" = "iPhone Developer";
				COPY_PHASE_STRIP = NO;
				DEBUG_INFORMATION_FORMAT = "dwarf-with-dsym";
				ENABLE_NS_ASSERTIONS = NO;
				ENABLE_STRICT_OBJC_MSGSEND = YES;
				GCC_C_LANGUAGE_STANDARD = gnu99;
				GCC_NO_COMMON_BLOCKS = YES;
				GCC_WARN_64_TO_32_BIT_CONVERSION = YES;
				GCC_WARN_ABOUT_RETURN_TYPE = YES_ERROR;
				GCC_WARN_UNDECLARED_SELECTOR = YES;
				GCC_WARN_UNINITIALIZED_AUTOS = YES_AGGRESSIVE;
				GCC_WARN_UNUSED_FUNCTION = YES;
				GCC_WARN_UNUSED_VARIABLE = YES;
				IPHONEOS_DEPLOYMENT_TARGET = 9.1;
				MTL_ENABLE_DEBUG_INFO = NO;
				SDKROOT = iphoneos;
				TARGETED_DEVICE_FAMILY = "1,2";
				VALIDATE_PRODUCT = YES;
			};
			name = Release;
		};
		C9B9A45B1BDDF4AA0066A9A0 /* Debug */ = {
			isa = XCBuildConfiguration;
			baseConfigurationReference = 98F924225FE93039297B2158 /* Pods-FEFU informer.debug.xcconfig */;
			buildSettings = {
				ASSETCATALOG_COMPILER_APPICON_NAME = AppIcon;
				INFOPLIST_FILE = "FEFU informer/Info.plist";
				LD_RUNPATH_SEARCH_PATHS = "$(inherited) @executable_path/Frameworks";
				PRODUCT_BUNDLE_IDENTIFIER = "Ilia.FEFU-informer";
				PRODUCT_NAME = "$(TARGET_NAME)";
			};
			name = Debug;
		};
		C9B9A45C1BDDF4AA0066A9A0 /* Release */ = {
			isa = XCBuildConfiguration;
			baseConfigurationReference = 0C42040C443F93F9BFD1AC03 /* Pods-FEFU informer.release.xcconfig */;
			buildSettings = {
				ASSETCATALOG_COMPILER_APPICON_NAME = AppIcon;
				INFOPLIST_FILE = "FEFU informer/Info.plist";
				LD_RUNPATH_SEARCH_PATHS = "$(inherited) @executable_path/Frameworks";
				PRODUCT_BUNDLE_IDENTIFIER = "Ilia.FEFU-informer";
				PRODUCT_NAME = "$(TARGET_NAME)";
			};
			name = Release;
		};
/* End XCBuildConfiguration section */

/* Begin XCConfigurationList section */
		C9B9A4431BDDF4AA0066A9A0 /* Build configuration list for PBXProject "FEFU informer" */ = {
			isa = XCConfigurationList;
			buildConfigurations = (
				C9B9A4581BDDF4AA0066A9A0 /* Debug */,
				C9B9A4591BDDF4AA0066A9A0 /* Release */,
			);
			defaultConfigurationIsVisible = 0;
			defaultConfigurationName = Release;
		};
		C9B9A45A1BDDF4AA0066A9A0 /* Build configuration list for PBXNativeTarget "FEFU informer" */ = {
			isa = XCConfigurationList;
			buildConfigurations = (
				C9B9A45B1BDDF4AA0066A9A0 /* Debug */,
				C9B9A45C1BDDF4AA0066A9A0 /* Release */,
			);
			defaultConfigurationIsVisible = 0;
			defaultConfigurationName = Release;
		};
/* End XCConfigurationList section */
	};
	rootObject = C9B9A4401BDDF4AA0066A9A0 /* Project object */;
}
